// !$*UTF8*$!
{
	archiveVersion = 1;
	classes = {
	};
	objectVersion = 50;
	objects = {

/* Begin PBXBuildFile section */
		1F192DCA21D55F8E005111F6 /* AppDelegate.swift in Sources */ = {isa = PBXBuildFile; fileRef = 1F192DC921D55F8E005111F6 /* AppDelegate.swift */; };
		1F192DCC21D55F8E005111F6 /* ViewController.swift in Sources */ = {isa = PBXBuildFile; fileRef = 1F192DCB21D55F8E005111F6 /* ViewController.swift */; };
		1F192DCF21D55F8E005111F6 /* Main.storyboard in Resources */ = {isa = PBXBuildFile; fileRef = 1F192DCD21D55F8E005111F6 /* Main.storyboard */; };
		1F192DD121D55F92005111F6 /* Assets.xcassets in Resources */ = {isa = PBXBuildFile; fileRef = 1F192DD021D55F92005111F6 /* Assets.xcassets */; };
		1F192DD421D55F92005111F6 /* LaunchScreen.storyboard in Resources */ = {isa = PBXBuildFile; fileRef = 1F192DD221D55F92005111F6 /* LaunchScreen.storyboard */; };
		1F192DDF21D57541005111F6 /* HomeViewController.swift in Sources */ = {isa = PBXBuildFile; fileRef = 1F192DDE21D57541005111F6 /* HomeViewController.swift */; };
		1F85D1E021D6952700EBBA36 /* NewGamesCell.swift in Sources */ = {isa = PBXBuildFile; fileRef = 1F85D1DF21D6952700EBBA36 /* NewGamesCell.swift */; };
		1F85D1E321D69AF000EBBA36 /* Extensions.swift in Sources */ = {isa = PBXBuildFile; fileRef = 1F85D1E221D69AF000EBBA36 /* Extensions.swift */; };
		1F85D1E621D6AE4300EBBA36 /* Networking.swift in Sources */ = {isa = PBXBuildFile; fileRef = 1F85D1E521D6AE4300EBBA36 /* Networking.swift */; };
		33A37C848579CDDD547F55AB /* Pods_Sm4shGames.framework in Frameworks */ = {isa = PBXBuildFile; fileRef = 95987D5E7A124EF9976C10AF /* Pods_Sm4shGames.framework */; };
		7F1759FB21E7CCC100693520 /* FilterViewController.swift in Sources */ = {isa = PBXBuildFile; fileRef = 7F1759FA21E7CCC100693520 /* FilterViewController.swift */; };
		EF5ED2AF21E0F0B600D2C29B /* Game.swift in Sources */ = {isa = PBXBuildFile; fileRef = EF5ED2AE21E0F0B600D2C29B /* Game.swift */; };
		EF5ED2B221E0F58400D2C29B /* Games.swift in Sources */ = {isa = PBXBuildFile; fileRef = EF5ED2B121E0F58400D2C29B /* Games.swift */; };
		EF5ED2B421E10D4E00D2C29B /* DetailsViewController.swift in Sources */ = {isa = PBXBuildFile; fileRef = EF5ED2B321E10D4E00D2C29B /* DetailsViewController.swift */; };
		EF946F5321E40456001B82BB /* GameBrandCell.swift in Sources */ = {isa = PBXBuildFile; fileRef = EF946F5221E40456001B82BB /* GameBrandCell.swift */; };
/* End PBXBuildFile section */

/* Begin PBXFileReference section */
		1F192DC621D55F8E005111F6 /* Sm4shGames.app */ = {isa = PBXFileReference; explicitFileType = wrapper.application; includeInIndex = 0; path = Sm4shGames.app; sourceTree = BUILT_PRODUCTS_DIR; };
		1F192DC921D55F8E005111F6 /* AppDelegate.swift */ = {isa = PBXFileReference; lastKnownFileType = sourcecode.swift; path = AppDelegate.swift; sourceTree = "<group>"; };
		1F192DCB21D55F8E005111F6 /* ViewController.swift */ = {isa = PBXFileReference; lastKnownFileType = sourcecode.swift; path = ViewController.swift; sourceTree = "<group>"; };
		1F192DCE21D55F8E005111F6 /* Base */ = {isa = PBXFileReference; lastKnownFileType = file.storyboard; name = Base; path = Base.lproj/Main.storyboard; sourceTree = "<group>"; };
		1F192DD021D55F92005111F6 /* Assets.xcassets */ = {isa = PBXFileReference; lastKnownFileType = folder.assetcatalog; path = Assets.xcassets; sourceTree = "<group>"; };
		1F192DD321D55F92005111F6 /* Base */ = {isa = PBXFileReference; lastKnownFileType = file.storyboard; name = Base; path = Base.lproj/LaunchScreen.storyboard; sourceTree = "<group>"; };
		1F192DD521D55F92005111F6 /* Info.plist */ = {isa = PBXFileReference; lastKnownFileType = text.plist.xml; path = Info.plist; sourceTree = "<group>"; };
		1F192DDE21D57541005111F6 /* HomeViewController.swift */ = {isa = PBXFileReference; lastKnownFileType = sourcecode.swift; path = HomeViewController.swift; sourceTree = "<group>"; };
		1F36F9BBC801F6B8EC4258F8 /* Pods-Sm4shGames.debug.xcconfig */ = {isa = PBXFileReference; includeInIndex = 1; lastKnownFileType = text.xcconfig; name = "Pods-Sm4shGames.debug.xcconfig"; path = "Pods/Target Support Files/Pods-Sm4shGames/Pods-Sm4shGames.debug.xcconfig"; sourceTree = "<group>"; };
		1F85D1DF21D6952700EBBA36 /* NewGamesCell.swift */ = {isa = PBXFileReference; lastKnownFileType = sourcecode.swift; path = NewGamesCell.swift; sourceTree = "<group>"; };
		1F85D1E221D69AF000EBBA36 /* Extensions.swift */ = {isa = PBXFileReference; lastKnownFileType = sourcecode.swift; path = Extensions.swift; sourceTree = "<group>"; };
		1F85D1E521D6AE4300EBBA36 /* Networking.swift */ = {isa = PBXFileReference; lastKnownFileType = sourcecode.swift; path = Networking.swift; sourceTree = "<group>"; };
		7F1759FA21E7CCC100693520 /* FilterViewController.swift */ = {isa = PBXFileReference; lastKnownFileType = sourcecode.swift; path = FilterViewController.swift; sourceTree = "<group>"; };
		95987D5E7A124EF9976C10AF /* Pods_Sm4shGames.framework */ = {isa = PBXFileReference; explicitFileType = wrapper.framework; includeInIndex = 0; path = Pods_Sm4shGames.framework; sourceTree = BUILT_PRODUCTS_DIR; };
		EF5ED2AE21E0F0B600D2C29B /* Game.swift */ = {isa = PBXFileReference; lastKnownFileType = sourcecode.swift; path = Game.swift; sourceTree = "<group>"; };
		EF5ED2B121E0F58400D2C29B /* Games.swift */ = {isa = PBXFileReference; lastKnownFileType = sourcecode.swift; path = Games.swift; sourceTree = "<group>"; };
		EF5ED2B321E10D4E00D2C29B /* DetailsViewController.swift */ = {isa = PBXFileReference; lastKnownFileType = sourcecode.swift; path = DetailsViewController.swift; sourceTree = "<group>"; };
		EF946F5221E40456001B82BB /* GameBrandCell.swift */ = {isa = PBXFileReference; lastKnownFileType = sourcecode.swift; path = GameBrandCell.swift; sourceTree = "<group>"; };
		F88BEFA8B3EF791F7224F7AA /* Pods-Sm4shGames.release.xcconfig */ = {isa = PBXFileReference; includeInIndex = 1; lastKnownFileType = text.xcconfig; name = "Pods-Sm4shGames.release.xcconfig"; path = "Pods/Target Support Files/Pods-Sm4shGames/Pods-Sm4shGames.release.xcconfig"; sourceTree = "<group>"; };
/* End PBXFileReference section */

/* Begin PBXFrameworksBuildPhase section */
		1F192DC321D55F8E005111F6 /* Frameworks */ = {
			isa = PBXFrameworksBuildPhase;
			buildActionMask = 2147483647;
			files = (
				33A37C848579CDDD547F55AB /* Pods_Sm4shGames.framework in Frameworks */,
			);
			runOnlyForDeploymentPostprocessing = 0;
		};
/* End PBXFrameworksBuildPhase section */

/* Begin PBXGroup section */
		1F192DBD21D55F8E005111F6 = {
			isa = PBXGroup;
			children = (
				1F192DC821D55F8E005111F6 /* Sm4shGames */,
				1F192DC721D55F8E005111F6 /* Products */,
				B774B4DCB5DB260D6FD17D08 /* Pods */,
				ACEDE3AB56E40834785497DF /* Frameworks */,
			);
			sourceTree = "<group>";
		};
		1F192DC721D55F8E005111F6 /* Products */ = {
			isa = PBXGroup;
			children = (
				1F192DC621D55F8E005111F6 /* Sm4shGames.app */,
			);
			name = Products;
			sourceTree = "<group>";
		};
		1F192DC821D55F8E005111F6 /* Sm4shGames */ = {
			isa = PBXGroup;
			children = (
				EF5ED2B021E0F57000D2C29B /* Controllers */,
				EF5ED2AD21E0F09400D2C29B /* Models */,
				1F85D1E421D6ACDB00EBBA36 /* Services */,
				1F192DD521D55F92005111F6 /* Info.plist */,
				1F192DE021D575FD005111F6 /* SupportFiles */,
				1F85D1DD21D694E600EBBA36 /* UserInterface */,
			);
			path = Sm4shGames;
			sourceTree = "<group>";
		};
		1F192DDD21D5752D005111F6 /* Controllers */ = {
			isa = PBXGroup;
			children = (
				1F192DDE21D57541005111F6 /* HomeViewController.swift */,
				EF5ED2B321E10D4E00D2C29B /* DetailsViewController.swift */,
				7F1759FA21E7CCC100693520 /* FilterViewController.swift */,
			);
			path = Controllers;
			sourceTree = "<group>";
		};
		1F192DE021D575FD005111F6 /* SupportFiles */ = {
			isa = PBXGroup;
			children = (
				1F192DC921D55F8E005111F6 /* AppDelegate.swift */,
				1F192DCB21D55F8E005111F6 /* ViewController.swift */,
				1F192DCD21D55F8E005111F6 /* Main.storyboard */,
				1F192DD021D55F92005111F6 /* Assets.xcassets */,
				1F192DD221D55F92005111F6 /* LaunchScreen.storyboard */,
			);
			path = SupportFiles;
			sourceTree = "<group>";
		};
		1F85D1DD21D694E600EBBA36 /* UserInterface */ = {
			isa = PBXGroup;
			children = (
				1F85D1E121D69ACF00EBBA36 /* Extensions */,
				1F85D1DE21D6950900EBBA36 /* CollectionViewCells */,
				1F192DDD21D5752D005111F6 /* Controllers */,
			);
			path = UserInterface;
			sourceTree = "<group>";
		};
		1F85D1DE21D6950900EBBA36 /* CollectionViewCells */ = {
			isa = PBXGroup;
			children = (
				1F85D1DF21D6952700EBBA36 /* NewGamesCell.swift */,
				EF946F5221E40456001B82BB /* GameBrandCell.swift */,
			);
			path = CollectionViewCells;
			sourceTree = "<group>";
		};
		1F85D1E121D69ACF00EBBA36 /* Extensions */ = {
			isa = PBXGroup;
			children = (
				1F85D1E221D69AF000EBBA36 /* Extensions.swift */,
			);
			path = Extensions;
			sourceTree = "<group>";
		};
		1F85D1E421D6ACDB00EBBA36 /* Services */ = {
			isa = PBXGroup;
			children = (
				1F85D1E521D6AE4300EBBA36 /* Networking.swift */,
			);
			path = Services;
			sourceTree = "<group>";
		};
		ACEDE3AB56E40834785497DF /* Frameworks */ = {
			isa = PBXGroup;
			children = (
				95987D5E7A124EF9976C10AF /* Pods_Sm4shGames.framework */,
			);
			name = Frameworks;
			sourceTree = "<group>";
		};
		B774B4DCB5DB260D6FD17D08 /* Pods */ = {
			isa = PBXGroup;
			children = (
				1F36F9BBC801F6B8EC4258F8 /* Pods-Sm4shGames.debug.xcconfig */,
				F88BEFA8B3EF791F7224F7AA /* Pods-Sm4shGames.release.xcconfig */,
			);
			name = Pods;
			sourceTree = "<group>";
		};
		EF5ED2AD21E0F09400D2C29B /* Models */ = {
			isa = PBXGroup;
			children = (
				EF5ED2AE21E0F0B600D2C29B /* Game.swift */,
			);
			path = Models;
			sourceTree = "<group>";
		};
		EF5ED2B021E0F57000D2C29B /* Controllers */ = {
			isa = PBXGroup;
			children = (
				EF5ED2B121E0F58400D2C29B /* Games.swift */,
			);
			path = Controllers;
			sourceTree = "<group>";
		};
/* End PBXGroup section */

/* Begin PBXNativeTarget section */
		1F192DC521D55F8E005111F6 /* Sm4shGames */ = {
			isa = PBXNativeTarget;
			buildConfigurationList = 1F192DD821D55F92005111F6 /* Build configuration list for PBXNativeTarget "Sm4shGames" */;
			buildPhases = (
				E7E2A7EA5C431F71332E41DE /* [CP] Check Pods Manifest.lock */,
				1F192DC221D55F8E005111F6 /* Sources */,
				1F192DC321D55F8E005111F6 /* Frameworks */,
				1F192DC421D55F8E005111F6 /* Resources */,
				190AC3F337FBBF10A66DFCAF /* [CP] Embed Pods Frameworks */,
				C27E7DE110469F081C22CBD2 /* [CP] Copy Pods Resources */,
			);
			buildRules = (
			);
			dependencies = (
			);
			name = Sm4shGames;
			productName = Sm4shGames;
			productReference = 1F192DC621D55F8E005111F6 /* Sm4shGames.app */;
			productType = "com.apple.product-type.application";
		};
/* End PBXNativeTarget section */

/* Begin PBXProject section */
		1F192DBE21D55F8E005111F6 /* Project object */ = {
			isa = PBXProject;
			attributes = {
				LastSwiftUpdateCheck = 1010;
				LastUpgradeCheck = 1010;
				ORGANIZATIONNAME = DavidF;
				TargetAttributes = {
					1F192DC521D55F8E005111F6 = {
						CreatedOnToolsVersion = 10.1;
					};
				};
			};
			buildConfigurationList = 1F192DC121D55F8E005111F6 /* Build configuration list for PBXProject "Sm4shGames" */;
			compatibilityVersion = "Xcode 9.3";
			developmentRegion = en;
			hasScannedForEncodings = 0;
			knownRegions = (
				en,
				Base,
			);
			mainGroup = 1F192DBD21D55F8E005111F6;
			productRefGroup = 1F192DC721D55F8E005111F6 /* Products */;
			projectDirPath = "";
			projectRoot = "";
			targets = (
				1F192DC521D55F8E005111F6 /* Sm4shGames */,
			);
		};
/* End PBXProject section */

/* Begin PBXResourcesBuildPhase section */
		1F192DC421D55F8E005111F6 /* Resources */ = {
			isa = PBXResourcesBuildPhase;
			buildActionMask = 2147483647;
			files = (
				1F192DD421D55F92005111F6 /* LaunchScreen.storyboard in Resources */,
				1F192DD121D55F92005111F6 /* Assets.xcassets in Resources */,
				1F192DCF21D55F8E005111F6 /* Main.storyboard in Resources */,
			);
			runOnlyForDeploymentPostprocessing = 0;
		};
/* End PBXResourcesBuildPhase section */

/* Begin PBXShellScriptBuildPhase section */
		190AC3F337FBBF10A66DFCAF /* [CP] Embed Pods Frameworks */ = {
			isa = PBXShellScriptBuildPhase;
			buildActionMask = 2147483647;
			files = (
			);
			inputPaths = (
				"${SRCROOT}/Pods/Target Support Files/Pods-Sm4shGames/Pods-Sm4shGames-frameworks.sh",
				"${BUILT_PRODUCTS_DIR}/Alamofire/Alamofire.framework",
				"${BUILT_PRODUCTS_DIR}/Cosmos/Cosmos.framework",
				"${BUILT_PRODUCTS_DIR}/RangeSeekSlider/RangeSeekSlider.framework",
				"${BUILT_PRODUCTS_DIR}/SwiftyJSON/SwiftyJSON.framework",
			);
			name = "[CP] Embed Pods Frameworks";
			outputPaths = (
				"${TARGET_BUILD_DIR}/${FRAMEWORKS_FOLDER_PATH}/Alamofire.framework",
				"${TARGET_BUILD_DIR}/${FRAMEWORKS_FOLDER_PATH}/Cosmos.framework",
				"${TARGET_BUILD_DIR}/${FRAMEWORKS_FOLDER_PATH}/RangeSeekSlider.framework",
				"${TARGET_BUILD_DIR}/${FRAMEWORKS_FOLDER_PATH}/SwiftyJSON.framework",
			);
			runOnlyForDeploymentPostprocessing = 0;
			shellPath = /bin/sh;
			shellScript = "\"${SRCROOT}/Pods/Target Support Files/Pods-Sm4shGames/Pods-Sm4shGames-frameworks.sh\"\n";
			showEnvVarsInLog = 0;
		};
		C27E7DE110469F081C22CBD2 /* [CP] Copy Pods Resources */ = {
			isa = PBXShellScriptBuildPhase;
			buildActionMask = 2147483647;
			files = (
			);
			inputPaths = (
			);
			name = "[CP] Copy Pods Resources";
			outputPaths = (
			);
			runOnlyForDeploymentPostprocessing = 0;
			shellPath = /bin/sh;
			shellScript = "\"${SRCROOT}/Pods/Target Support Files/Pods-Sm4shGames/Pods-Sm4shGames-resources.sh\"\n";
			showEnvVarsInLog = 0;
		};
		E7E2A7EA5C431F71332E41DE /* [CP] Check Pods Manifest.lock */ = {
			isa = PBXShellScriptBuildPhase;
			buildActionMask = 2147483647;
			files = (
			);
			inputPaths = (
				"${PODS_PODFILE_DIR_PATH}/Podfile.lock",
				"${PODS_ROOT}/Manifest.lock",
			);
			name = "[CP] Check Pods Manifest.lock";
			outputPaths = (
				"$(DERIVED_FILE_DIR)/Pods-Sm4shGames-checkManifestLockResult.txt",
			);
			runOnlyForDeploymentPostprocessing = 0;
			shellPath = /bin/sh;
			shellScript = "diff \"${PODS_PODFILE_DIR_PATH}/Podfile.lock\" \"${PODS_ROOT}/Manifest.lock\" > /dev/null\nif [ $? != 0 ] ; then\n    # print error to STDERR\n    echo \"error: The sandbox is not in sync with the Podfile.lock. Run 'pod install' or update your CocoaPods installation.\" >&2\n    exit 1\nfi\n# This output is used by Xcode 'outputs' to avoid re-running this script phase.\necho \"SUCCESS\" > \"${SCRIPT_OUTPUT_FILE_0}\"\n";
			showEnvVarsInLog = 0;
		};
/* End PBXShellScriptBuildPhase section */

/* Begin PBXSourcesBuildPhase section */
		1F192DC221D55F8E005111F6 /* Sources */ = {
			isa = PBXSourcesBuildPhase;
			buildActionMask = 2147483647;
			files = (
				1F192DCC21D55F8E005111F6 /* ViewController.swift in Sources */,
				1F85D1E321D69AF000EBBA36 /* Extensions.swift in Sources */,
				EF5ED2B421E10D4E00D2C29B /* DetailsViewController.swift in Sources */,
				1F192DCA21D55F8E005111F6 /* AppDelegate.swift in Sources */,
				EF5ED2B221E0F58400D2C29B /* Games.swift in Sources */,
				7F1759FB21E7CCC100693520 /* FilterViewController.swift in Sources */,
				EF5ED2AF21E0F0B600D2C29B /* Game.swift in Sources */,
				1F85D1E621D6AE4300EBBA36 /* Networking.swift in Sources */,
				1F85D1E021D6952700EBBA36 /* NewGamesCell.swift in Sources */,
				1F192DDF21D57541005111F6 /* HomeViewController.swift in Sources */,
				EF946F5321E40456001B82BB /* GameBrandCell.swift in Sources */,
			);
			runOnlyForDeploymentPostprocessing = 0;
		};
/* End PBXSourcesBuildPhase section */

/* Begin PBXVariantGroup section */
		1F192DCD21D55F8E005111F6 /* Main.storyboard */ = {
			isa = PBXVariantGroup;
			children = (
				1F192DCE21D55F8E005111F6 /* Base */,
			);
			name = Main.storyboard;
			sourceTree = "<group>";
		};
		1F192DD221D55F92005111F6 /* LaunchScreen.storyboard */ = {
			isa = PBXVariantGroup;
			children = (
				1F192DD321D55F92005111F6 /* Base */,
			);
			name = LaunchScreen.storyboard;
			sourceTree = "<group>";
		};
/* End PBXVariantGroup section */

/* Begin XCBuildConfiguration section */
		1F192DD621D55F92005111F6 /* Debug */ = {
			isa = XCBuildConfiguration;
			buildSettings = {
				ALWAYS_SEARCH_USER_PATHS = NO;
				CLANG_ANALYZER_NONNULL = YES;
				CLANG_ANALYZER_NUMBER_OBJECT_CONVERSION = YES_AGGRESSIVE;
				CLANG_CXX_LANGUAGE_STANDARD = "gnu++14";
				CLANG_CXX_LIBRARY = "libc++";
				CLANG_ENABLE_MODULES = YES;
				CLANG_ENABLE_OBJC_ARC = YES;
				CLANG_ENABLE_OBJC_WEAK = YES;
				CLANG_WARN_BLOCK_CAPTURE_AUTORELEASING = YES;
				CLANG_WARN_BOOL_CONVERSION = YES;
				CLANG_WARN_COMMA = YES;
				CLANG_WARN_CONSTANT_CONVERSION = YES;
				CLANG_WARN_DEPRECATED_OBJC_IMPLEMENTATIONS = YES;
				CLANG_WARN_DIRECT_OBJC_ISA_USAGE = YES_ERROR;
				CLANG_WARN_DOCUMENTATION_COMMENTS = YES;
				CLANG_WARN_EMPTY_BODY = YES;
				CLANG_WARN_ENUM_CONVERSION = YES;
				CLANG_WARN_INFINITE_RECURSION = YES;
				CLANG_WARN_INT_CONVERSION = YES;
				CLANG_WARN_NON_LITERAL_NULL_CONVERSION = YES;
				CLANG_WARN_OBJC_IMPLICIT_RETAIN_SELF = YES;
				CLANG_WARN_OBJC_LITERAL_CONVERSION = YES;
				CLANG_WARN_OBJC_ROOT_CLASS = YES_ERROR;
				CLANG_WARN_RANGE_LOOP_ANALYSIS = YES;
				CLANG_WARN_STRICT_PROTOTYPES = YES;
				CLANG_WARN_SUSPICIOUS_MOVE = YES;
				CLANG_WARN_UNGUARDED_AVAILABILITY = YES_AGGRESSIVE;
				CLANG_WARN_UNREACHABLE_CODE = YES;
				CLANG_WARN__DUPLICATE_METHOD_MATCH = YES;
				CODE_SIGN_IDENTITY = "iPhone Developer";
				COPY_PHASE_STRIP = NO;
				DEBUG_INFORMATION_FORMAT = dwarf;
				ENABLE_STRICT_OBJC_MSGSEND = YES;
				ENABLE_TESTABILITY = YES;
				GCC_C_LANGUAGE_STANDARD = gnu11;
				GCC_DYNAMIC_NO_PIC = NO;
				GCC_NO_COMMON_BLOCKS = YES;
				GCC_OPTIMIZATION_LEVEL = 0;
				GCC_PREPROCESSOR_DEFINITIONS = (
					"DEBUG=1",
					"$(inherited)",
				);
				GCC_WARN_64_TO_32_BIT_CONVERSION = YES;
				GCC_WARN_ABOUT_RETURN_TYPE = YES_ERROR;
				GCC_WARN_UNDECLARED_SELECTOR = YES;
				GCC_WARN_UNINITIALIZED_AUTOS = YES_AGGRESSIVE;
				GCC_WARN_UNUSED_FUNCTION = YES;
				GCC_WARN_UNUSED_VARIABLE = YES;
				IPHONEOS_DEPLOYMENT_TARGET = 12.1;
				MTL_ENABLE_DEBUG_INFO = INCLUDE_SOURCE;
				MTL_FAST_MATH = YES;
				ONLY_ACTIVE_ARCH = YES;
				SDKROOT = iphoneos;
				SWIFT_ACTIVE_COMPILATION_CONDITIONS = DEBUG;
				SWIFT_OPTIMIZATION_LEVEL = "-Onone";
			};
			name = Debug;
		};
		1F192DD721D55F92005111F6 /* Release */ = {
			isa = XCBuildConfiguration;
			buildSettings = {
				ALWAYS_SEARCH_USER_PATHS = NO;
				CLANG_ANALYZER_NONNULL = YES;
				CLANG_ANALYZER_NUMBER_OBJECT_CONVERSION = YES_AGGRESSIVE;
				CLANG_CXX_LANGUAGE_STANDARD = "gnu++14";
				CLANG_CXX_LIBRARY = "libc++";
				CLANG_ENABLE_MODULES = YES;
				CLANG_ENABLE_OBJC_ARC = YES;
				CLANG_ENABLE_OBJC_WEAK = YES;
				CLANG_WARN_BLOCK_CAPTURE_AUTORELEASING = YES;
				CLANG_WARN_BOOL_CONVERSION = YES;
				CLANG_WARN_COMMA = YES;
				CLANG_WARN_CONSTANT_CONVERSION = YES;
				CLANG_WARN_DEPRECATED_OBJC_IMPLEMENTATIONS = YES;
				CLANG_WARN_DIRECT_OBJC_ISA_USAGE = YES_ERROR;
				CLANG_WARN_DOCUMENTATION_COMMENTS = YES;
				CLANG_WARN_EMPTY_BODY = YES;
				CLANG_WARN_ENUM_CONVERSION = YES;
				CLANG_WARN_INFINITE_RECURSION = YES;
				CLANG_WARN_INT_CONVERSION = YES;
				CLANG_WARN_NON_LITERAL_NULL_CONVERSION = YES;
				CLANG_WARN_OBJC_IMPLICIT_RETAIN_SELF = YES;
				CLANG_WARN_OBJC_LITERAL_CONVERSION = YES;
				CLANG_WARN_OBJC_ROOT_CLASS = YES_ERROR;
				CLANG_WARN_RANGE_LOOP_ANALYSIS = YES;
				CLANG_WARN_STRICT_PROTOTYPES = YES;
				CLANG_WARN_SUSPICIOUS_MOVE = YES;
				CLANG_WARN_UNGUARDED_AVAILABILITY = YES_AGGRESSIVE;
				CLANG_WARN_UNREACHABLE_CODE = YES;
				CLANG_WARN__DUPLICATE_METHOD_MATCH = YES;
				CODE_SIGN_IDENTITY = "iPhone Developer";
				COPY_PHASE_STRIP = NO;
				DEBUG_INFORMATION_FORMAT = "dwarf-with-dsym";
				ENABLE_NS_ASSERTIONS = NO;
				ENABLE_STRICT_OBJC_MSGSEND = YES;
				GCC_C_LANGUAGE_STANDARD = gnu11;
				GCC_NO_COMMON_BLOCKS = YES;
				GCC_WARN_64_TO_32_BIT_CONVERSION = YES;
				GCC_WARN_ABOUT_RETURN_TYPE = YES_ERROR;
				GCC_WARN_UNDECLARED_SELECTOR = YES;
				GCC_WARN_UNINITIALIZED_AUTOS = YES_AGGRESSIVE;
				GCC_WARN_UNUSED_FUNCTION = YES;
				GCC_WARN_UNUSED_VARIABLE = YES;
				IPHONEOS_DEPLOYMENT_TARGET = 12.1;
				MTL_ENABLE_DEBUG_INFO = NO;
				MTL_FAST_MATH = YES;
				SDKROOT = iphoneos;
				SWIFT_COMPILATION_MODE = wholemodule;
				SWIFT_OPTIMIZATION_LEVEL = "-O";
				VALIDATE_PRODUCT = YES;
			};
			name = Release;
		};
		1F192DD921D55F92005111F6 /* Debug */ = {
			isa = XCBuildConfiguration;
			baseConfigurationReference = 1F36F9BBC801F6B8EC4258F8 /* Pods-Sm4shGames.debug.xcconfig */;
			buildSettings = {
				ASSETCATALOG_COMPILER_APPICON_NAME = AppIcon;
				CODE_SIGN_STYLE = Automatic;
				DEVELOPMENT_TEAM = EYQ528NVX6;
				INFOPLIST_FILE = Sm4shGames/Info.plist;
				LD_RUNPATH_SEARCH_PATHS = (
					"$(inherited)",
					"@executable_path/Frameworks",
				);
				PRODUCT_BUNDLE_IDENTIFIER = DavidF.Sm4shGames;
				PRODUCT_NAME = "$(TARGET_NAME)";
				SWIFT_VERSION = 4.2;
				TARGETED_DEVICE_FAMILY = "1,2";
			};
			name = Debug;
		};
		1F192DDA21D55F92005111F6 /* Release */ = {
			isa = XCBuildConfiguration;
			baseConfigurationReference = F88BEFA8B3EF791F7224F7AA /* Pods-Sm4shGames.release.xcconfig */;
			buildSettings = {
				ASSETCATALOG_COMPILER_APPICON_NAME = AppIcon;
				CODE_SIGN_STYLE = Automatic;
				DEVELOPMENT_TEAM = EYQ528NVX6;
				INFOPLIST_FILE = Sm4shGames/Info.plist;
				LD_RUNPATH_SEARCH_PATHS = (
					"$(inherited)",
					"@executable_path/Frameworks",
				);
				PRODUCT_BUNDLE_IDENTIFIER = DavidF.Sm4shGames;
				PRODUCT_NAME = "$(TARGET_NAME)";
				SWIFT_VERSION = 4.2;
				TARGETED_DEVICE_FAMILY = "1,2";
			};
			name = Release;
		};
/* End XCBuildConfiguration section */

/* Begin XCConfigurationList section */
		1F192DC121D55F8E005111F6 /* Build configuration list for PBXProject "Sm4shGames" */ = {
			isa = XCConfigurationList;
			buildConfigurations = (
				1F192DD621D55F92005111F6 /* Debug */,
				1F192DD721D55F92005111F6 /* Release */,
			);
			defaultConfigurationIsVisible = 0;
			defaultConfigurationName = Release;
		};
		1F192DD821D55F92005111F6 /* Build configuration list for PBXNativeTarget "Sm4shGames" */ = {
			isa = XCConfigurationList;
			buildConfigurations = (
				1F192DD921D55F92005111F6 /* Debug */,
				1F192DDA21D55F92005111F6 /* Release */,
			);
			defaultConfigurationIsVisible = 0;
			defaultConfigurationName = Release;
		};
/* End XCConfigurationList section */
	};
	rootObject = 1F192DBE21D55F8E005111F6 /* Project object */;
}
